{
    "name": "theme-customs",
    "version": "1.7.3",
    "lockfileVersion": 2,
    "requires": true,
    "packages": {
        "": {
            "name": "theme-customs",
            "version": "1.7.3",
            "license": "UNLICENSED",
            "engines": {
                "vscode": "*"
            }
        }
    }
}
